// !$*UTF8*$!
{
	archiveVersion = 1;
	classes = {
	};
	objectVersion = 48;
	objects = {

/* Begin PBXBuildFile section */
		6EE49B87C96305E12AD48E77 /* Pods_taipeiparkTests.framework in Frameworks */ = {isa = PBXBuildFile; fileRef = 352D771CB7D6886AD0C3EB17 /* Pods_taipeiparkTests.framework */; };
		9F169174202A0D83002760FD /* ParkListViewController.swift in Sources */ = {isa = PBXBuildFile; fileRef = 9F169173202A0D83002760FD /* ParkListViewController.swift */; };
		9F169179202A0FEE002760FD /* ParkData.swift in Sources */ = {isa = PBXBuildFile; fileRef = 9F169177202A0FED002760FD /* ParkData.swift */; };
		9F16917A202A0FEE002760FD /* ParkDataManager.swift in Sources */ = {isa = PBXBuildFile; fileRef = 9F169178202A0FED002760FD /* ParkDataManager.swift */; };
		9F169180202A15E2002760FD /* ParkListTableCell.swift in Sources */ = {isa = PBXBuildFile; fileRef = 9F16917F202A15E2002760FD /* ParkListTableCell.swift */; };
		9F169182202A32C9002760FD /* ParkDetailData.swift in Sources */ = {isa = PBXBuildFile; fileRef = 9F169181202A32C9002760FD /* ParkDetailData.swift */; };
		9F169184202A939D002760FD /* ParkInfoDetailViewController.swift in Sources */ = {isa = PBXBuildFile; fileRef = 9F169183202A939D002760FD /* ParkInfoDetailViewController.swift */; };
		9F9271562025A93D009BD64B /* AppDelegate.swift in Sources */ = {isa = PBXBuildFile; fileRef = 9F9271552025A93D009BD64B /* AppDelegate.swift */; };
		9F92715B2025A93D009BD64B /* Main.storyboard in Resources */ = {isa = PBXBuildFile; fileRef = 9F9271592025A93D009BD64B /* Main.storyboard */; };
		9F92715D2025A93D009BD64B /* Assets.xcassets in Resources */ = {isa = PBXBuildFile; fileRef = 9F92715C2025A93D009BD64B /* Assets.xcassets */; };
		9F9271602025A93D009BD64B /* LaunchScreen.storyboard in Resources */ = {isa = PBXBuildFile; fileRef = 9F92715E2025A93D009BD64B /* LaunchScreen.storyboard */; };
		9F92716B2025A93D009BD64B /* taipeiparkTests.swift in Sources */ = {isa = PBXBuildFile; fileRef = 9F92716A2025A93D009BD64B /* taipeiparkTests.swift */; };
		F9E5D8A4F3ECF091D0B9FBBC /* Pods_taipeipark.framework in Frameworks */ = {isa = PBXBuildFile; fileRef = 3BD5E628E823B31E428928B8 /* Pods_taipeipark.framework */; };
/* End PBXBuildFile section */

/* Begin PBXContainerItemProxy section */
		9F9271672025A93D009BD64B /* PBXContainerItemProxy */ = {
			isa = PBXContainerItemProxy;
			containerPortal = 9F92714A2025A93D009BD64B /* Project object */;
			proxyType = 1;
			remoteGlobalIDString = 9F9271512025A93D009BD64B;
			remoteInfo = taipeipark;
		};
/* End PBXContainerItemProxy section */

/* Begin PBXFileReference section */
		352D771CB7D6886AD0C3EB17 /* Pods_taipeiparkTests.framework */ = {isa = PBXFileReference; explicitFileType = wrapper.framework; includeInIndex = 0; path = Pods_taipeiparkTests.framework; sourceTree = BUILT_PRODUCTS_DIR; };
		3BD5E628E823B31E428928B8 /* Pods_taipeipark.framework */ = {isa = PBXFileReference; explicitFileType = wrapper.framework; includeInIndex = 0; path = Pods_taipeipark.framework; sourceTree = BUILT_PRODUCTS_DIR; };
		9534DBC108CD0DC151A8D319 /* Pods-taipeipark.release.xcconfig */ = {isa = PBXFileReference; includeInIndex = 1; lastKnownFileType = text.xcconfig; name = "Pods-taipeipark.release.xcconfig"; path = "Pods/Target Support Files/Pods-taipeipark/Pods-taipeipark.release.xcconfig"; sourceTree = "<group>"; };
		9F169173202A0D83002760FD /* ParkListViewController.swift */ = {isa = PBXFileReference; fileEncoding = 4; lastKnownFileType = sourcecode.swift; path = ParkListViewController.swift; sourceTree = "<group>"; };
		9F169177202A0FED002760FD /* ParkData.swift */ = {isa = PBXFileReference; fileEncoding = 4; lastKnownFileType = sourcecode.swift; path = ParkData.swift; sourceTree = "<group>"; };
		9F169178202A0FED002760FD /* ParkDataManager.swift */ = {isa = PBXFileReference; fileEncoding = 4; lastKnownFileType = sourcecode.swift; path = ParkDataManager.swift; sourceTree = "<group>"; };
		9F16917F202A15E2002760FD /* ParkListTableCell.swift */ = {isa = PBXFileReference; fileEncoding = 4; lastKnownFileType = sourcecode.swift; path = ParkListTableCell.swift; sourceTree = "<group>"; };
		9F169181202A32C9002760FD /* ParkDetailData.swift */ = {isa = PBXFileReference; fileEncoding = 4; lastKnownFileType = sourcecode.swift; path = ParkDetailData.swift; sourceTree = "<group>"; };
		9F169183202A939D002760FD /* ParkInfoDetailViewController.swift */ = {isa = PBXFileReference; fileEncoding = 4; lastKnownFileType = sourcecode.swift; path = ParkInfoDetailViewController.swift; sourceTree = "<group>"; };
		9F9271522025A93D009BD64B /* taipeipark.app */ = {isa = PBXFileReference; explicitFileType = wrapper.application; includeInIndex = 0; path = taipeipark.app; sourceTree = BUILT_PRODUCTS_DIR; };
		9F9271552025A93D009BD64B /* AppDelegate.swift */ = {isa = PBXFileReference; lastKnownFileType = sourcecode.swift; path = AppDelegate.swift; sourceTree = "<group>"; };
		9F92715A2025A93D009BD64B /* Base */ = {isa = PBXFileReference; lastKnownFileType = file.storyboard; name = Base; path = Base.lproj/Main.storyboard; sourceTree = "<group>"; };
		9F92715C2025A93D009BD64B /* Assets.xcassets */ = {isa = PBXFileReference; lastKnownFileType = folder.assetcatalog; path = Assets.xcassets; sourceTree = "<group>"; };
		9F92715F2025A93D009BD64B /* Base */ = {isa = PBXFileReference; lastKnownFileType = file.storyboard; name = Base; path = Base.lproj/LaunchScreen.storyboard; sourceTree = "<group>"; };
		9F9271612025A93D009BD64B /* Info.plist */ = {isa = PBXFileReference; lastKnownFileType = text.plist.xml; path = Info.plist; sourceTree = "<group>"; };
		9F9271662025A93D009BD64B /* taipeiparkTests.xctest */ = {isa = PBXFileReference; explicitFileType = wrapper.cfbundle; includeInIndex = 0; path = taipeiparkTests.xctest; sourceTree = BUILT_PRODUCTS_DIR; };
		9F92716A2025A93D009BD64B /* taipeiparkTests.swift */ = {isa = PBXFileReference; lastKnownFileType = sourcecode.swift; path = taipeiparkTests.swift; sourceTree = "<group>"; };
		9F92716C2025A93D009BD64B /* Info.plist */ = {isa = PBXFileReference; lastKnownFileType = text.plist.xml; path = Info.plist; sourceTree = "<group>"; };
		AFCD80DACBDD5A7A8802E52F /* Pods-taipeipark.debug.xcconfig */ = {isa = PBXFileReference; includeInIndex = 1; lastKnownFileType = text.xcconfig; name = "Pods-taipeipark.debug.xcconfig"; path = "Pods/Target Support Files/Pods-taipeipark/Pods-taipeipark.debug.xcconfig"; sourceTree = "<group>"; };
		E18F1B5859F0E77956BFFB12 /* Pods-taipeiparkTests.release.xcconfig */ = {isa = PBXFileReference; includeInIndex = 1; lastKnownFileType = text.xcconfig; name = "Pods-taipeiparkTests.release.xcconfig"; path = "Pods/Target Support Files/Pods-taipeiparkTests/Pods-taipeiparkTests.release.xcconfig"; sourceTree = "<group>"; };
		F84E04C982A724240A970425 /* Pods-taipeiparkTests.debug.xcconfig */ = {isa = PBXFileReference; includeInIndex = 1; lastKnownFileType = text.xcconfig; name = "Pods-taipeiparkTests.debug.xcconfig"; path = "Pods/Target Support Files/Pods-taipeiparkTests/Pods-taipeiparkTests.debug.xcconfig"; sourceTree = "<group>"; };
/* End PBXFileReference section */

/* Begin PBXFrameworksBuildPhase section */
		9F92714F2025A93D009BD64B /* Frameworks */ = {
			isa = PBXFrameworksBuildPhase;
			buildActionMask = 2147483647;
			files = (
				F9E5D8A4F3ECF091D0B9FBBC /* Pods_taipeipark.framework in Frameworks */,
			);
			runOnlyForDeploymentPostprocessing = 0;
		};
		9F9271632025A93D009BD64B /* Frameworks */ = {
			isa = PBXFrameworksBuildPhase;
			buildActionMask = 2147483647;
			files = (
				6EE49B87C96305E12AD48E77 /* Pods_taipeiparkTests.framework in Frameworks */,
			);
			runOnlyForDeploymentPostprocessing = 0;
		};
/* End PBXFrameworksBuildPhase section */

/* Begin PBXGroup section */
		9F16916C202A07EB002760FD /* Classes */ = {
			isa = PBXGroup;
			children = (
				9F16917B202A1532002760FD /* Views */,
				9F169175202A0FED002760FD /* Model */,
				9F16916D202A07EB002760FD /* Controllers */,
			);
			path = Classes;
			sourceTree = "<group>";
		};
		9F16916D202A07EB002760FD /* Controllers */ = {
			isa = PBXGroup;
			children = (
				9F169183202A939D002760FD /* ParkInfoDetailViewController.swift */,
				9F169173202A0D83002760FD /* ParkListViewController.swift */,
			);
			path = Controllers;
			sourceTree = "<group>";
		};
		9F169175202A0FED002760FD /* Model */ = {
			isa = PBXGroup;
			children = (
				9F169176202A0FED002760FD /* ParkData */,
			);
			path = Model;
			sourceTree = "<group>";
		};
		9F169176202A0FED002760FD /* ParkData */ = {
			isa = PBXGroup;
			children = (
				9F169181202A32C9002760FD /* ParkDetailData.swift */,
				9F169177202A0FED002760FD /* ParkData.swift */,
				9F169178202A0FED002760FD /* ParkDataManager.swift */,
			);
			path = ParkData;
			sourceTree = "<group>";
		};
		9F16917B202A1532002760FD /* Views */ = {
			isa = PBXGroup;
			children = (
				9F16917E202A15E2002760FD /* Cell */,
			);
			path = Views;
			sourceTree = "<group>";
		};
		9F16917E202A15E2002760FD /* Cell */ = {
			isa = PBXGroup;
			children = (
				9F16917F202A15E2002760FD /* ParkListTableCell.swift */,
			);
			path = Cell;
			sourceTree = "<group>";
		};
		9F9271492025A93D009BD64B = {
			isa = PBXGroup;
			children = (
				9F9271542025A93D009BD64B /* taipeipark */,
				9F9271692025A93D009BD64B /* taipeiparkTests */,
				9F9271532025A93D009BD64B /* Products */,
				EFAC5F2A1FDA3C5FC9BA5A09 /* Pods */,
				F78E5C17C38CAB9E0AF18848 /* Frameworks */,
			);
			sourceTree = "<group>";
		};
		9F9271532025A93D009BD64B /* Products */ = {
			isa = PBXGroup;
			children = (
				9F9271522025A93D009BD64B /* taipeipark.app */,
				9F9271662025A93D009BD64B /* taipeiparkTests.xctest */,
			);
			name = Products;
			sourceTree = "<group>";
		};
		9F9271542025A93D009BD64B /* taipeipark */ = {
			isa = PBXGroup;
			children = (
				9F16916C202A07EB002760FD /* Classes */,
				9F9271552025A93D009BD64B /* AppDelegate.swift */,
				9F9271592025A93D009BD64B /* Main.storyboard */,
				9F92715C2025A93D009BD64B /* Assets.xcassets */,
				9F92715E2025A93D009BD64B /* LaunchScreen.storyboard */,
				9F9271612025A93D009BD64B /* Info.plist */,
			);
			path = taipeipark;
			sourceTree = "<group>";
		};
		9F9271692025A93D009BD64B /* taipeiparkTests */ = {
			isa = PBXGroup;
			children = (
				9F92716A2025A93D009BD64B /* taipeiparkTests.swift */,
				9F92716C2025A93D009BD64B /* Info.plist */,
			);
			path = taipeiparkTests;
			sourceTree = "<group>";
		};
		EFAC5F2A1FDA3C5FC9BA5A09 /* Pods */ = {
			isa = PBXGroup;
			children = (
				AFCD80DACBDD5A7A8802E52F /* Pods-taipeipark.debug.xcconfig */,
				9534DBC108CD0DC151A8D319 /* Pods-taipeipark.release.xcconfig */,
				F84E04C982A724240A970425 /* Pods-taipeiparkTests.debug.xcconfig */,
				E18F1B5859F0E77956BFFB12 /* Pods-taipeiparkTests.release.xcconfig */,
			);
			name = Pods;
			sourceTree = "<group>";
		};
		F78E5C17C38CAB9E0AF18848 /* Frameworks */ = {
			isa = PBXGroup;
			children = (
				3BD5E628E823B31E428928B8 /* Pods_taipeipark.framework */,
				352D771CB7D6886AD0C3EB17 /* Pods_taipeiparkTests.framework */,
			);
			name = Frameworks;
			sourceTree = "<group>";
		};
/* End PBXGroup section */

/* Begin PBXNativeTarget section */
		9F9271512025A93D009BD64B /* taipeipark */ = {
			isa = PBXNativeTarget;
			buildConfigurationList = 9F92716F2025A93D009BD64B /* Build configuration list for PBXNativeTarget "taipeipark" */;
			buildPhases = (
				436DDAEC23652B2AE664717E /* [CP] Check Pods Manifest.lock */,
				9F92714E2025A93D009BD64B /* Sources */,
				9F92714F2025A93D009BD64B /* Frameworks */,
				9F9271502025A93D009BD64B /* Resources */,
				0F309C7B8221FAE6BEA675F8 /* [CP] Embed Pods Frameworks */,
				55B2DE7D0EA0FB566ABA2B7B /* [CP] Copy Pods Resources */,
			);
			buildRules = (
			);
			dependencies = (
			);
			name = taipeipark;
			productName = taipeipark;
			productReference = 9F9271522025A93D009BD64B /* taipeipark.app */;
			productType = "com.apple.product-type.application";
		};
		9F9271652025A93D009BD64B /* taipeiparkTests */ = {
			isa = PBXNativeTarget;
			buildConfigurationList = 9F9271722025A93D009BD64B /* Build configuration list for PBXNativeTarget "taipeiparkTests" */;
			buildPhases = (
				9EAB1CE1E2CC5924DE5897D6 /* [CP] Check Pods Manifest.lock */,
				9F9271622025A93D009BD64B /* Sources */,
				9F9271632025A93D009BD64B /* Frameworks */,
				9F9271642025A93D009BD64B /* Resources */,
				5043FA7D3E68CF97FBE1B05B /* [CP] Embed Pods Frameworks */,
				3949C476FC8791F0275EBF89 /* [CP] Copy Pods Resources */,
			);
			buildRules = (
			);
			dependencies = (
				9F9271682025A93D009BD64B /* PBXTargetDependency */,
			);
			name = taipeiparkTests;
			productName = taipeiparkTests;
			productReference = 9F9271662025A93D009BD64B /* taipeiparkTests.xctest */;
			productType = "com.apple.product-type.bundle.unit-test";
		};
/* End PBXNativeTarget section */

/* Begin PBXProject section */
		9F92714A2025A93D009BD64B /* Project object */ = {
			isa = PBXProject;
			attributes = {
				LastSwiftUpdateCheck = 0920;
				LastUpgradeCheck = 0920;
				ORGANIZATIONNAME = sean;
				TargetAttributes = {
					9F9271512025A93D009BD64B = {
						CreatedOnToolsVersion = 9.2;
						ProvisioningStyle = Automatic;
					};
					9F9271652025A93D009BD64B = {
						CreatedOnToolsVersion = 9.2;
						ProvisioningStyle = Automatic;
						TestTargetID = 9F9271512025A93D009BD64B;
					};
				};
			};
			buildConfigurationList = 9F92714D2025A93D009BD64B /* Build configuration list for PBXProject "taipeipark" */;
			compatibilityVersion = "Xcode 8.0";
			developmentRegion = en;
			hasScannedForEncodings = 0;
			knownRegions = (
				en,
				Base,
			);
			mainGroup = 9F9271492025A93D009BD64B;
			productRefGroup = 9F9271532025A93D009BD64B /* Products */;
			projectDirPath = "";
			projectRoot = "";
			targets = (
				9F9271512025A93D009BD64B /* taipeipark */,
				9F9271652025A93D009BD64B /* taipeiparkTests */,
			);
		};
/* End PBXProject section */

/* Begin PBXResourcesBuildPhase section */
		9F9271502025A93D009BD64B /* Resources */ = {
			isa = PBXResourcesBuildPhase;
			buildActionMask = 2147483647;
			files = (
				9F9271602025A93D009BD64B /* LaunchScreen.storyboard in Resources */,
				9F92715D2025A93D009BD64B /* Assets.xcassets in Resources */,
				9F92715B2025A93D009BD64B /* Main.storyboard in Resources */,
			);
			runOnlyForDeploymentPostprocessing = 0;
		};
		9F9271642025A93D009BD64B /* Resources */ = {
			isa = PBXResourcesBuildPhase;
			buildActionMask = 2147483647;
			files = (
			);
			runOnlyForDeploymentPostprocessing = 0;
		};
/* End PBXResourcesBuildPhase section */

/* Begin PBXShellScriptBuildPhase section */
		0F309C7B8221FAE6BEA675F8 /* [CP] Embed Pods Frameworks */ = {
			isa = PBXShellScriptBuildPhase;
			buildActionMask = 2147483647;
			files = (
			);
			inputPaths = (
				"${SRCROOT}/Pods/Target Support Files/Pods-taipeipark/Pods-taipeipark-frameworks.sh",
				"${BUILT_PRODUCTS_DIR}/Alamofire/Alamofire.framework",
				"${BUILT_PRODUCTS_DIR}/Alamofire-SwiftyJSON/Alamofire_SwiftyJSON.framework",
				"${BUILT_PRODUCTS_DIR}/AlamofireObjectMapper/AlamofireObjectMapper.framework",
				"${BUILT_PRODUCTS_DIR}/ObjectMapper/ObjectMapper.framework",
				"${BUILT_PRODUCTS_DIR}/SDWebImage/SDWebImage.framework",
				"${BUILT_PRODUCTS_DIR}/SVProgressHUD/SVProgressHUD.framework",
				"${BUILT_PRODUCTS_DIR}/SwiftyJSON/SwiftyJSON.framework",
			);
			name = "[CP] Embed Pods Frameworks";
			outputPaths = (
				"${TARGET_BUILD_DIR}/${FRAMEWORKS_FOLDER_PATH}/Alamofire.framework",
				"${TARGET_BUILD_DIR}/${FRAMEWORKS_FOLDER_PATH}/Alamofire_SwiftyJSON.framework",
				"${TARGET_BUILD_DIR}/${FRAMEWORKS_FOLDER_PATH}/AlamofireObjectMapper.framework",
				"${TARGET_BUILD_DIR}/${FRAMEWORKS_FOLDER_PATH}/ObjectMapper.framework",
				"${TARGET_BUILD_DIR}/${FRAMEWORKS_FOLDER_PATH}/SDWebImage.framework",
				"${TARGET_BUILD_DIR}/${FRAMEWORKS_FOLDER_PATH}/SVProgressHUD.framework",
				"${TARGET_BUILD_DIR}/${FRAMEWORKS_FOLDER_PATH}/SwiftyJSON.framework",
			);
			runOnlyForDeploymentPostprocessing = 0;
			shellPath = /bin/sh;
			shellScript = "\"${SRCROOT}/Pods/Target Support Files/Pods-taipeipark/Pods-taipeipark-frameworks.sh\"\n";
			showEnvVarsInLog = 0;
		};
		3949C476FC8791F0275EBF89 /* [CP] Copy Pods Resources */ = {
			isa = PBXShellScriptBuildPhase;
			buildActionMask = 2147483647;
			files = (
			);
			inputPaths = (
				"${SRCROOT}/Pods/Target Support Files/Pods-taipeiparkTests/Pods-taipeiparkTests-resources.sh",
				"${PODS_ROOT}/GoogleMaps/Maps/Frameworks/GoogleMaps.framework/Resources/GoogleMaps.bundle",
				"${PODS_ROOT}/GooglePlaces/Frameworks/GooglePlaces.framework/Resources/GooglePlaces.bundle",
			);
			name = "[CP] Copy Pods Resources";
			outputPaths = (
				"${TARGET_BUILD_DIR}/${UNLOCALIZED_RESOURCES_FOLDER_PATH}/GoogleMaps.bundle",
				"${TARGET_BUILD_DIR}/${UNLOCALIZED_RESOURCES_FOLDER_PATH}/GooglePlaces.bundle",
			);
			runOnlyForDeploymentPostprocessing = 0;
			shellPath = /bin/sh;
			shellScript = "\"${SRCROOT}/Pods/Target Support Files/Pods-taipeiparkTests/Pods-taipeiparkTests-resources.sh\"\n";
			showEnvVarsInLog = 0;
		};
		436DDAEC23652B2AE664717E /* [CP] Check Pods Manifest.lock */ = {
			isa = PBXShellScriptBuildPhase;
			buildActionMask = 2147483647;
			files = (
			);
			inputPaths = (
				"${PODS_PODFILE_DIR_PATH}/Podfile.lock",
				"${PODS_ROOT}/Manifest.lock",
			);
			name = "[CP] Check Pods Manifest.lock";
			outputPaths = (
				"$(DERIVED_FILE_DIR)/Pods-taipeipark-checkManifestLockResult.txt",
			);
			runOnlyForDeploymentPostprocessing = 0;
			shellPath = /bin/sh;
			shellScript = "diff \"${PODS_PODFILE_DIR_PATH}/Podfile.lock\" \"${PODS_ROOT}/Manifest.lock\" > /dev/null\nif [ $? != 0 ] ; then\n    # print error to STDERR\n    echo \"error: The sandbox is not in sync with the Podfile.lock. Run 'pod install' or update your CocoaPods installation.\" >&2\n    exit 1\nfi\n# This output is used by Xcode 'outputs' to avoid re-running this script phase.\necho \"SUCCESS\" > \"${SCRIPT_OUTPUT_FILE_0}\"\n";
			showEnvVarsInLog = 0;
		};
		5043FA7D3E68CF97FBE1B05B /* [CP] Embed Pods Frameworks */ = {
			isa = PBXShellScriptBuildPhase;
			buildActionMask = 2147483647;
			files = (
			);
			inputPaths = (
				"${SRCROOT}/Pods/Target Support Files/Pods-taipeiparkTests/Pods-taipeiparkTests-frameworks.sh",
				"${BUILT_PRODUCTS_DIR}/Alamofire/Alamofire.framework",
				"${BUILT_PRODUCTS_DIR}/Alamofire-SwiftyJSON/Alamofire_SwiftyJSON.framework",
				"${BUILT_PRODUCTS_DIR}/AlamofireObjectMapper/AlamofireObjectMapper.framework",
				"${BUILT_PRODUCTS_DIR}/ObjectMapper/ObjectMapper.framework",
				"${BUILT_PRODUCTS_DIR}/SDWebImage/SDWebImage.framework",
				"${BUILT_PRODUCTS_DIR}/SVProgressHUD/SVProgressHUD.framework",
				"${BUILT_PRODUCTS_DIR}/SwiftyJSON/SwiftyJSON.framework",
			);
			name = "[CP] Embed Pods Frameworks";
			outputPaths = (
				"${TARGET_BUILD_DIR}/${FRAMEWORKS_FOLDER_PATH}/Alamofire.framework",
				"${TARGET_BUILD_DIR}/${FRAMEWORKS_FOLDER_PATH}/Alamofire_SwiftyJSON.framework",
				"${TARGET_BUILD_DIR}/${FRAMEWORKS_FOLDER_PATH}/AlamofireObjectMapper.framework",
				"${TARGET_BUILD_DIR}/${FRAMEWORKS_FOLDER_PATH}/ObjectMapper.framework",
				"${TARGET_BUILD_DIR}/${FRAMEWORKS_FOLDER_PATH}/SDWebImage.framework",
				"${TARGET_BUILD_DIR}/${FRAMEWORKS_FOLDER_PATH}/SVProgressHUD.framework",
				"${TARGET_BUILD_DIR}/${FRAMEWORKS_FOLDER_PATH}/SwiftyJSON.framework",
			);
			runOnlyForDeploymentPostprocessing = 0;
			shellPath = /bin/sh;
			shellScript = "\"${SRCROOT}/Pods/Target Support Files/Pods-taipeiparkTests/Pods-taipeiparkTests-frameworks.sh\"\n";
			showEnvVarsInLog = 0;
		};
		55B2DE7D0EA0FB566ABA2B7B /* [CP] Copy Pods Resources */ = {
			isa = PBXShellScriptBuildPhase;
			buildActionMask = 2147483647;
			files = (
			);
			inputPaths = (
				"${SRCROOT}/Pods/Target Support Files/Pods-taipeipark/Pods-taipeipark-resources.sh",
				"${PODS_ROOT}/GoogleMaps/Maps/Frameworks/GoogleMaps.framework/Resources/GoogleMaps.bundle",
				"${PODS_ROOT}/GooglePlaces/Frameworks/GooglePlaces.framework/Resources/GooglePlaces.bundle",
			);
			name = "[CP] Copy Pods Resources";
			outputPaths = (
				"${TARGET_BUILD_DIR}/${UNLOCALIZED_RESOURCES_FOLDER_PATH}/GoogleMaps.bundle",
				"${TARGET_BUILD_DIR}/${UNLOCALIZED_RESOURCES_FOLDER_PATH}/GooglePlaces.bundle",
			);
			runOnlyForDeploymentPostprocessing = 0;
			shellPath = /bin/sh;
			shellScript = "\"${SRCROOT}/Pods/Target Support Files/Pods-taipeipark/Pods-taipeipark-resources.sh\"\n";
			showEnvVarsInLog = 0;
		};
		9EAB1CE1E2CC5924DE5897D6 /* [CP] Check Pods Manifest.lock */ = {
			isa = PBXShellScriptBuildPhase;
			buildActionMask = 2147483647;
			files = (
			);
			inputPaths = (
				"${PODS_PODFILE_DIR_PATH}/Podfile.lock",
				"${PODS_ROOT}/Manifest.lock",
			);
			name = "[CP] Check Pods Manifest.lock";
			outputPaths = (
				"$(DERIVED_FILE_DIR)/Pods-taipeiparkTests-checkManifestLockResult.txt",
			);
			runOnlyForDeploymentPostprocessing = 0;
			shellPath = /bin/sh;
			shellScript = "diff \"${PODS_PODFILE_DIR_PATH}/Podfile.lock\" \"${PODS_ROOT}/Manifest.lock\" > /dev/null\nif [ $? != 0 ] ; then\n    # print error to STDERR\n    echo \"error: The sandbox is not in sync with the Podfile.lock. Run 'pod install' or update your CocoaPods installation.\" >&2\n    exit 1\nfi\n# This output is used by Xcode 'outputs' to avoid re-running this script phase.\necho \"SUCCESS\" > \"${SCRIPT_OUTPUT_FILE_0}\"\n";
			showEnvVarsInLog = 0;
		};
/* End PBXShellScriptBuildPhase section */

/* Begin PBXSourcesBuildPhase section */
		9F92714E2025A93D009BD64B /* Sources */ = {
			isa = PBXSourcesBuildPhase;
			buildActionMask = 2147483647;
			files = (
				9F169184202A939D002760FD /* ParkInfoDetailViewController.swift in Sources */,
				9F169182202A32C9002760FD /* ParkDetailData.swift in Sources */,
				9F169179202A0FEE002760FD /* ParkData.swift in Sources */,
				9F169174202A0D83002760FD /* ParkListViewController.swift in Sources */,
				9F9271562025A93D009BD64B /* AppDelegate.swift in Sources */,
				9F16917A202A0FEE002760FD /* ParkDataManager.swift in Sources */,
				9F169180202A15E2002760FD /* ParkListTableCell.swift in Sources */,
			);
			runOnlyForDeploymentPostprocessing = 0;
		};
		9F9271622025A93D009BD64B /* Sources */ = {
			isa = PBXSourcesBuildPhase;
			buildActionMask = 2147483647;
			files = (
				9F92716B2025A93D009BD64B /* taipeiparkTests.swift in Sources */,
			);
			runOnlyForDeploymentPostprocessing = 0;
		};
/* End PBXSourcesBuildPhase section */

/* Begin PBXTargetDependency section */
		9F9271682025A93D009BD64B /* PBXTargetDependency */ = {
			isa = PBXTargetDependency;
			target = 9F9271512025A93D009BD64B /* taipeipark */;
			targetProxy = 9F9271672025A93D009BD64B /* PBXContainerItemProxy */;
		};
/* End PBXTargetDependency section */

/* Begin PBXVariantGroup section */
		9F9271592025A93D009BD64B /* Main.storyboard */ = {
			isa = PBXVariantGroup;
			children = (
				9F92715A2025A93D009BD64B /* Base */,
			);
			name = Main.storyboard;
			sourceTree = "<group>";
		};
		9F92715E2025A93D009BD64B /* LaunchScreen.storyboard */ = {
			isa = PBXVariantGroup;
			children = (
				9F92715F2025A93D009BD64B /* Base */,
			);
			name = LaunchScreen.storyboard;
			sourceTree = "<group>";
		};
/* End PBXVariantGroup section */

/* Begin XCBuildConfiguration section */
		9F92716D2025A93D009BD64B /* Debug */ = {
			isa = XCBuildConfiguration;
			buildSettings = {
				ALWAYS_SEARCH_USER_PATHS = NO;
				CLANG_ANALYZER_NONNULL = YES;
				CLANG_ANALYZER_NUMBER_OBJECT_CONVERSION = YES_AGGRESSIVE;
				CLANG_CXX_LANGUAGE_STANDARD = "gnu++14";
				CLANG_CXX_LIBRARY = "libc++";
				CLANG_ENABLE_MODULES = YES;
				CLANG_ENABLE_OBJC_ARC = YES;
				CLANG_WARN_BLOCK_CAPTURE_AUTORELEASING = YES;
				CLANG_WARN_BOOL_CONVERSION = YES;
				CLANG_WARN_COMMA = YES;
				CLANG_WARN_CONSTANT_CONVERSION = YES;
				CLANG_WARN_DIRECT_OBJC_ISA_USAGE = YES_ERROR;
				CLANG_WARN_DOCUMENTATION_COMMENTS = YES;
				CLANG_WARN_EMPTY_BODY = YES;
				CLANG_WARN_ENUM_CONVERSION = YES;
				CLANG_WARN_INFINITE_RECURSION = YES;
				CLANG_WARN_INT_CONVERSION = YES;
				CLANG_WARN_NON_LITERAL_NULL_CONVERSION = YES;
				CLANG_WARN_OBJC_LITERAL_CONVERSION = YES;
				CLANG_WARN_OBJC_ROOT_CLASS = YES_ERROR;
				CLANG_WARN_RANGE_LOOP_ANALYSIS = YES;
				CLANG_WARN_STRICT_PROTOTYPES = YES;
				CLANG_WARN_SUSPICIOUS_MOVE = YES;
				CLANG_WARN_UNGUARDED_AVAILABILITY = YES_AGGRESSIVE;
				CLANG_WARN_UNREACHABLE_CODE = YES;
				CLANG_WARN__DUPLICATE_METHOD_MATCH = YES;
				CODE_SIGN_IDENTITY = "iPhone Developer";
				COPY_PHASE_STRIP = NO;
				DEBUG_INFORMATION_FORMAT = dwarf;
				ENABLE_STRICT_OBJC_MSGSEND = YES;
				ENABLE_TESTABILITY = YES;
				GCC_C_LANGUAGE_STANDARD = gnu11;
				GCC_DYNAMIC_NO_PIC = NO;
				GCC_NO_COMMON_BLOCKS = YES;
				GCC_OPTIMIZATION_LEVEL = 0;
				GCC_PREPROCESSOR_DEFINITIONS = (
					"DEBUG=1",
					"$(inherited)",
				);
				GCC_WARN_64_TO_32_BIT_CONVERSION = YES;
				GCC_WARN_ABOUT_RETURN_TYPE = YES_ERROR;
				GCC_WARN_UNDECLARED_SELECTOR = YES;
				GCC_WARN_UNINITIALIZED_AUTOS = YES_AGGRESSIVE;
				GCC_WARN_UNUSED_FUNCTION = YES;
				GCC_WARN_UNUSED_VARIABLE = YES;
				IPHONEOS_DEPLOYMENT_TARGET = 10.0;
				MTL_ENABLE_DEBUG_INFO = YES;
				ONLY_ACTIVE_ARCH = YES;
				SDKROOT = iphoneos;
				SWIFT_ACTIVE_COMPILATION_CONDITIONS = DEBUG;
				SWIFT_OPTIMIZATION_LEVEL = "-Onone";
			};
			name = Debug;
		};
		9F92716E2025A93D009BD64B /* Release */ = {
			isa = XCBuildConfiguration;
			buildSettings = {
				ALWAYS_SEARCH_USER_PATHS = NO;
				CLANG_ANALYZER_NONNULL = YES;
				CLANG_ANALYZER_NUMBER_OBJECT_CONVERSION = YES_AGGRESSIVE;
				CLANG_CXX_LANGUAGE_STANDARD = "gnu++14";
				CLANG_CXX_LIBRARY = "libc++";
				CLANG_ENABLE_MODULES = YES;
				CLANG_ENABLE_OBJC_ARC = YES;
				CLANG_WARN_BLOCK_CAPTURE_AUTORELEASING = YES;
				CLANG_WARN_BOOL_CONVERSION = YES;
				CLANG_WARN_COMMA = YES;
				CLANG_WARN_CONSTANT_CONVERSION = YES;
				CLANG_WARN_DIRECT_OBJC_ISA_USAGE = YES_ERROR;
				CLANG_WARN_DOCUMENTATION_COMMENTS = YES;
				CLANG_WARN_EMPTY_BODY = YES;
				CLANG_WARN_ENUM_CONVERSION = YES;
				CLANG_WARN_INFINITE_RECURSION = YES;
				CLANG_WARN_INT_CONVERSION = YES;
				CLANG_WARN_NON_LITERAL_NULL_CONVERSION = YES;
				CLANG_WARN_OBJC_LITERAL_CONVERSION = YES;
				CLANG_WARN_OBJC_ROOT_CLASS = YES_ERROR;
				CLANG_WARN_RANGE_LOOP_ANALYSIS = YES;
				CLANG_WARN_STRICT_PROTOTYPES = YES;
				CLANG_WARN_SUSPICIOUS_MOVE = YES;
				CLANG_WARN_UNGUARDED_AVAILABILITY = YES_AGGRESSIVE;
				CLANG_WARN_UNREACHABLE_CODE = YES;
				CLANG_WARN__DUPLICATE_METHOD_MATCH = YES;
				CODE_SIGN_IDENTITY = "iPhone Developer";
				COPY_PHASE_STRIP = NO;
				DEBUG_INFORMATION_FORMAT = "dwarf-with-dsym";
				ENABLE_NS_ASSERTIONS = NO;
				ENABLE_STRICT_OBJC_MSGSEND = YES;
				GCC_C_LANGUAGE_STANDARD = gnu11;
				GCC_NO_COMMON_BLOCKS = YES;
				GCC_WARN_64_TO_32_BIT_CONVERSION = YES;
				GCC_WARN_ABOUT_RETURN_TYPE = YES_ERROR;
				GCC_WARN_UNDECLARED_SELECTOR = YES;
				GCC_WARN_UNINITIALIZED_AUTOS = YES_AGGRESSIVE;
				GCC_WARN_UNUSED_FUNCTION = YES;
				GCC_WARN_UNUSED_VARIABLE = YES;
				IPHONEOS_DEPLOYMENT_TARGET = 10.0;
				MTL_ENABLE_DEBUG_INFO = NO;
				SDKROOT = iphoneos;
				SWIFT_OPTIMIZATION_LEVEL = "-Owholemodule";
				VALIDATE_PRODUCT = YES;
			};
			name = Release;
		};
		9F9271702025A93D009BD64B /* Debug */ = {
			isa = XCBuildConfiguration;
			baseConfigurationReference = AFCD80DACBDD5A7A8802E52F /* Pods-taipeipark.debug.xcconfig */;
			buildSettings = {
				ASSETCATALOG_COMPILER_APPICON_NAME = AppIcon;
				CODE_SIGN_STYLE = Automatic;
				DEVELOPMENT_TEAM = PW5NAYWBLM;
				INFOPLIST_FILE = taipeipark/Info.plist;
				IPHONEOS_DEPLOYMENT_TARGET = 10.0;
				LD_RUNPATH_SEARCH_PATHS = "$(inherited) @executable_path/Frameworks";
				PRODUCT_BUNDLE_IDENTIFIER = com.sean.taipeipark;
				PRODUCT_NAME = "$(TARGET_NAME)";
				SWIFT_VERSION = 4.0;
				TARGETED_DEVICE_FAMILY = "1,2";
			};
			name = Debug;
		};
		9F9271712025A93D009BD64B /* Release */ = {
			isa = XCBuildConfiguration;
			baseConfigurationReference = 9534DBC108CD0DC151A8D319 /* Pods-taipeipark.release.xcconfig */;
			buildSettings = {
				ASSETCATALOG_COMPILER_APPICON_NAME = AppIcon;
				CODE_SIGN_STYLE = Automatic;
				DEVELOPMENT_TEAM = PW5NAYWBLM;
				INFOPLIST_FILE = taipeipark/Info.plist;
				IPHONEOS_DEPLOYMENT_TARGET = 10.0;
				LD_RUNPATH_SEARCH_PATHS = "$(inherited) @executable_path/Frameworks";
				PRODUCT_BUNDLE_IDENTIFIER = com.sean.taipeipark;
				PRODUCT_NAME = "$(TARGET_NAME)";
				SWIFT_VERSION = 4.0;
				TARGETED_DEVICE_FAMILY = "1,2";
			};
			name = Release;
		};
		9F9271732025A93D009BD64B /* Debug */ = {
			isa = XCBuildConfiguration;
			baseConfigurationReference = F84E04C982A724240A970425 /* Pods-taipeiparkTests.debug.xcconfig */;
			buildSettings = {
				ALWAYS_EMBED_SWIFT_STANDARD_LIBRARIES = YES;
				BUNDLE_LOADER = "$(TEST_HOST)";
				CODE_SIGN_STYLE = Automatic;
				DEVELOPMENT_TEAM = PW5NAYWBLM;
				INFOPLIST_FILE = taipeiparkTests/Info.plist;
				LD_RUNPATH_SEARCH_PATHS = "$(inherited) @executable_path/Frameworks @loader_path/Frameworks";
				PRODUCT_BUNDLE_IDENTIFIER = com.sean.taipeiparkTests;
				PRODUCT_NAME = "$(TARGET_NAME)";
				SWIFT_VERSION = 4.0;
				TARGETED_DEVICE_FAMILY = "1,2";
				TEST_HOST = "$(BUILT_PRODUCTS_DIR)/taipeipark.app/taipeipark";
			};
			name = Debug;
		};
		9F9271742025A93D009BD64B /* Release */ = {
			isa = XCBuildConfiguration;
			baseConfigurationReference = E18F1B5859F0E77956BFFB12 /* Pods-taipeiparkTests.release.xcconfig */;
			buildSettings = {
				ALWAYS_EMBED_SWIFT_STANDARD_LIBRARIES = YES;
				BUNDLE_LOADER = "$(TEST_HOST)";
				CODE_SIGN_STYLE = Automatic;
				DEVELOPMENT_TEAM = PW5NAYWBLM;
				INFOPLIST_FILE = taipeiparkTests/Info.plist;
				LD_RUNPATH_SEARCH_PATHS = "$(inherited) @executable_path/Frameworks @loader_path/Frameworks";
				PRODUCT_BUNDLE_IDENTIFIER = com.sean.taipeiparkTests;
				PRODUCT_NAME = "$(TARGET_NAME)";
				SWIFT_VERSION = 4.0;
				TARGETED_DEVICE_FAMILY = "1,2";
				TEST_HOST = "$(BUILT_PRODUCTS_DIR)/taipeipark.app/taipeipark";
			};
			name = Release;
		};
/* End XCBuildConfiguration section */

/* Begin XCConfigurationList section */
		9F92714D2025A93D009BD64B /* Build configuration list for PBXProject "taipeipark" */ = {
			isa = XCConfigurationList;
			buildConfigurations = (
				9F92716D2025A93D009BD64B /* Debug */,
				9F92716E2025A93D009BD64B /* Release */,
			);
			defaultConfigurationIsVisible = 0;
			defaultConfigurationName = Release;
		};
		9F92716F2025A93D009BD64B /* Build configuration list for PBXNativeTarget "taipeipark" */ = {
			isa = XCConfigurationList;
			buildConfigurations = (
				9F9271702025A93D009BD64B /* Debug */,
				9F9271712025A93D009BD64B /* Release */,
			);
			defaultConfigurationIsVisible = 0;
			defaultConfigurationName = Release;
		};
		9F9271722025A93D009BD64B /* Build configuration list for PBXNativeTarget "taipeiparkTests" */ = {
			isa = XCConfigurationList;
			buildConfigurations = (
				9F9271732025A93D009BD64B /* Debug */,
				9F9271742025A93D009BD64B /* Release */,
			);
			defaultConfigurationIsVisible = 0;
			defaultConfigurationName = Release;
		};
/* End XCConfigurationList section */
	};
	rootObject = 9F92714A2025A93D009BD64B /* Project object */;
}
